// !$*UTF8*$!
{
	archiveVersion = 1;
	classes = {
	};
	objectVersion = 50;
	objects = {

/* Begin PBXBuildFile section */
		5A46EE9D2353E5DA00FD1848 /* AppDelegate.swift in Sources */ = {isa = PBXBuildFile; fileRef = 5A46EE9C2353E5DA00FD1848 /* AppDelegate.swift */; };
		5A46EE9F2353E5DA00FD1848 /* SceneDelegate.swift in Sources */ = {isa = PBXBuildFile; fileRef = 5A46EE9E2353E5DA00FD1848 /* SceneDelegate.swift */; };
		5A46EEA12353E5DA00FD1848 /* ViewController.swift in Sources */ = {isa = PBXBuildFile; fileRef = 5A46EEA02353E5DA00FD1848 /* ViewController.swift */; };
		5A46EEA42353E5DA00FD1848 /* Main.storyboard in Resources */ = {isa = PBXBuildFile; fileRef = 5A46EEA22353E5DA00FD1848 /* Main.storyboard */; };
		5A46EEA62353E5DE00FD1848 /* Assets.xcassets in Resources */ = {isa = PBXBuildFile; fileRef = 5A46EEA52353E5DE00FD1848 /* Assets.xcassets */; };
		5A46EEA92353E5DE00FD1848 /* LaunchScreen.storyboard in Resources */ = {isa = PBXBuildFile; fileRef = 5A46EEA72353E5DE00FD1848 /* LaunchScreen.storyboard */; };
		5A46EEB42353E5DF00FD1848 /* PendulumTests.swift in Sources */ = {isa = PBXBuildFile; fileRef = 5A46EEB32353E5DF00FD1848 /* PendulumTests.swift */; };
		5A46EEBF2353E5DF00FD1848 /* PendulumUITests.swift in Sources */ = {isa = PBXBuildFile; fileRef = 5A46EEBE2353E5DF00FD1848 /* PendulumUITests.swift */; };
		5A46EECD2353EC7800FD1848 /* PendulumViewController.swift in Sources */ = {isa = PBXBuildFile; fileRef = 5A46EECC2353EC7800FD1848 /* PendulumViewController.swift */; };
		5A46EECF2353ECBF00FD1848 /* Pendulum.swift in Sources */ = {isa = PBXBuildFile; fileRef = 5A46EECE2353ECBF00FD1848 /* Pendulum.swift */; };
		5A46EED12353F6C900FD1848 /* VariableConfigurationViewController.swift in Sources */ = {isa = PBXBuildFile; fileRef = 5A46EED02353F6C900FD1848 /* VariableConfigurationViewController.swift */; };
		5AD20A182381D47000522B49 /* Constants.swift in Sources */ = {isa = PBXBuildFile; fileRef = 5AD20A172381D47000522B49 /* Constants.swift */; };
		D2E3C6092354463D002CE684 /* Questions.storyboard in Resources */ = {isa = PBXBuildFile; fileRef = D2E3C6082354463D002CE684 /* Questions.storyboard */; };
		D2E3C60B2354466A002CE684 /* QuestionTableViewController.swift in Sources */ = {isa = PBXBuildFile; fileRef = D2E3C60A2354466A002CE684 /* QuestionTableViewController.swift */; };
		D2E3C60D235449FB002CE684 /* Question.swift in Sources */ = {isa = PBXBuildFile; fileRef = D2E3C60C235449FB002CE684 /* Question.swift */; };
		D2E3C60F23544C9A002CE684 /* Answer.swift in Sources */ = {isa = PBXBuildFile; fileRef = D2E3C60E23544C9A002CE684 /* Answer.swift */; };
		D2E3C611235455D7002CE684 /* QuestionTableViewCell.swift in Sources */ = {isa = PBXBuildFile; fileRef = D2E3C610235455D7002CE684 /* QuestionTableViewCell.swift */; };
		D4035260236FFB63009DFD94 /* UIViewextensios.swift in Sources */ = {isa = PBXBuildFile; fileRef = D403525F236FFB63009DFD94 /* UIViewextensios.swift */; };
		D403526E237087B3009DFD94 /* PendulumScene.swift in Sources */ = {isa = PBXBuildFile; fileRef = D403526D237087B3009DFD94 /* PendulumScene.swift */; };
/* End PBXBuildFile section */

/* Begin PBXContainerItemProxy section */
		5A46EEB02353E5DF00FD1848 /* PBXContainerItemProxy */ = {
			isa = PBXContainerItemProxy;
			containerPortal = 5A46EE912353E5D900FD1848 /* Project object */;
			proxyType = 1;
			remoteGlobalIDString = 5A46EE982353E5D900FD1848;
			remoteInfo = Pendulum;
		};
		5A46EEBB2353E5DF00FD1848 /* PBXContainerItemProxy */ = {
			isa = PBXContainerItemProxy;
			containerPortal = 5A46EE912353E5D900FD1848 /* Project object */;
			proxyType = 1;
			remoteGlobalIDString = 5A46EE982353E5D900FD1848;
			remoteInfo = Pendulum;
		};
/* End PBXContainerItemProxy section */

/* Begin PBXFileReference section */
		5A46EE992353E5DA00FD1848 /* Pendulum.app */ = {isa = PBXFileReference; explicitFileType = wrapper.application; includeInIndex = 0; path = Pendulum.app; sourceTree = BUILT_PRODUCTS_DIR; };
		5A46EE9C2353E5DA00FD1848 /* AppDelegate.swift */ = {isa = PBXFileReference; lastKnownFileType = sourcecode.swift; path = AppDelegate.swift; sourceTree = "<group>"; };
		5A46EE9E2353E5DA00FD1848 /* SceneDelegate.swift */ = {isa = PBXFileReference; lastKnownFileType = sourcecode.swift; path = SceneDelegate.swift; sourceTree = "<group>"; };
		5A46EEA02353E5DA00FD1848 /* ViewController.swift */ = {isa = PBXFileReference; lastKnownFileType = sourcecode.swift; path = ViewController.swift; sourceTree = "<group>"; };
		5A46EEA32353E5DA00FD1848 /* Base */ = {isa = PBXFileReference; lastKnownFileType = file.storyboard; name = Base; path = Base.lproj/Main.storyboard; sourceTree = "<group>"; };
		5A46EEA52353E5DE00FD1848 /* Assets.xcassets */ = {isa = PBXFileReference; lastKnownFileType = folder.assetcatalog; path = Assets.xcassets; sourceTree = "<group>"; };
		5A46EEA82353E5DE00FD1848 /* Base */ = {isa = PBXFileReference; lastKnownFileType = file.storyboard; name = Base; path = Base.lproj/LaunchScreen.storyboard; sourceTree = "<group>"; };
		5A46EEAA2353E5DE00FD1848 /* Info.plist */ = {isa = PBXFileReference; lastKnownFileType = text.plist.xml; path = Info.plist; sourceTree = "<group>"; };
		5A46EEAF2353E5DF00FD1848 /* PendulumTests.xctest */ = {isa = PBXFileReference; explicitFileType = wrapper.cfbundle; includeInIndex = 0; path = PendulumTests.xctest; sourceTree = BUILT_PRODUCTS_DIR; };
		5A46EEB32353E5DF00FD1848 /* PendulumTests.swift */ = {isa = PBXFileReference; lastKnownFileType = sourcecode.swift; path = PendulumTests.swift; sourceTree = "<group>"; };
		5A46EEB52353E5DF00FD1848 /* Info.plist */ = {isa = PBXFileReference; lastKnownFileType = text.plist.xml; path = Info.plist; sourceTree = "<group>"; };
		5A46EEBA2353E5DF00FD1848 /* PendulumUITests.xctest */ = {isa = PBXFileReference; explicitFileType = wrapper.cfbundle; includeInIndex = 0; path = PendulumUITests.xctest; sourceTree = BUILT_PRODUCTS_DIR; };
		5A46EEBE2353E5DF00FD1848 /* PendulumUITests.swift */ = {isa = PBXFileReference; lastKnownFileType = sourcecode.swift; path = PendulumUITests.swift; sourceTree = "<group>"; };
		5A46EEC02353E5DF00FD1848 /* Info.plist */ = {isa = PBXFileReference; lastKnownFileType = text.plist.xml; path = Info.plist; sourceTree = "<group>"; };
		5A46EECC2353EC7800FD1848 /* PendulumViewController.swift */ = {isa = PBXFileReference; lastKnownFileType = sourcecode.swift; path = PendulumViewController.swift; sourceTree = "<group>"; };
		5A46EECE2353ECBF00FD1848 /* Pendulum.swift */ = {isa = PBXFileReference; lastKnownFileType = sourcecode.swift; path = Pendulum.swift; sourceTree = "<group>"; };
		5A46EED02353F6C900FD1848 /* VariableConfigurationViewController.swift */ = {isa = PBXFileReference; lastKnownFileType = sourcecode.swift; path = VariableConfigurationViewController.swift; sourceTree = "<group>"; };
		5AD20A172381D47000522B49 /* Constants.swift */ = {isa = PBXFileReference; lastKnownFileType = sourcecode.swift; path = Constants.swift; sourceTree = "<group>"; };
		D2E3C6082354463D002CE684 /* Questions.storyboard */ = {isa = PBXFileReference; lastKnownFileType = file.storyboard; path = Questions.storyboard; sourceTree = "<group>"; };
		D2E3C60A2354466A002CE684 /* QuestionTableViewController.swift */ = {isa = PBXFileReference; lastKnownFileType = sourcecode.swift; path = QuestionTableViewController.swift; sourceTree = "<group>"; };
		D2E3C60C235449FB002CE684 /* Question.swift */ = {isa = PBXFileReference; lastKnownFileType = sourcecode.swift; path = Question.swift; sourceTree = "<group>"; };
		D2E3C60E23544C9A002CE684 /* Answer.swift */ = {isa = PBXFileReference; lastKnownFileType = sourcecode.swift; path = Answer.swift; sourceTree = "<group>"; };
		D2E3C610235455D7002CE684 /* QuestionTableViewCell.swift */ = {isa = PBXFileReference; lastKnownFileType = sourcecode.swift; path = QuestionTableViewCell.swift; sourceTree = "<group>"; };
		D403525F236FFB63009DFD94 /* UIViewextensios.swift */ = {isa = PBXFileReference; lastKnownFileType = sourcecode.swift; path = UIViewextensios.swift; sourceTree = "<group>"; };
		D403526D237087B3009DFD94 /* PendulumScene.swift */ = {isa = PBXFileReference; lastKnownFileType = sourcecode.swift; path = PendulumScene.swift; sourceTree = "<group>"; };
/* End PBXFileReference section */

/* Begin PBXFrameworksBuildPhase section */
		5A46EE962353E5D900FD1848 /* Frameworks */ = {
			isa = PBXFrameworksBuildPhase;
			buildActionMask = 2147483647;
			files = (
			);
			runOnlyForDeploymentPostprocessing = 0;
		};
		5A46EEAC2353E5DF00FD1848 /* Frameworks */ = {
			isa = PBXFrameworksBuildPhase;
			buildActionMask = 2147483647;
			files = (
			);
			runOnlyForDeploymentPostprocessing = 0;
		};
		5A46EEB72353E5DF00FD1848 /* Frameworks */ = {
			isa = PBXFrameworksBuildPhase;
			buildActionMask = 2147483647;
			files = (
			);
			runOnlyForDeploymentPostprocessing = 0;
		};
/* End PBXFrameworksBuildPhase section */

/* Begin PBXGroup section */
		5A46EE902353E5D900FD1848 = {
			isa = PBXGroup;
			children = (
				5A46EE9B2353E5DA00FD1848 /* Pendulum */,
				5A46EEB22353E5DF00FD1848 /* PendulumTests */,
				5A46EEBD2353E5DF00FD1848 /* PendulumUITests */,
				5A46EE9A2353E5DA00FD1848 /* Products */,
			);
			sourceTree = "<group>";
		};
		5A46EE9A2353E5DA00FD1848 /* Products */ = {
			isa = PBXGroup;
			children = (
				5A46EE992353E5DA00FD1848 /* Pendulum.app */,
				5A46EEAF2353E5DF00FD1848 /* PendulumTests.xctest */,
				5A46EEBA2353E5DF00FD1848 /* PendulumUITests.xctest */,
			);
			name = Products;
			sourceTree = "<group>";
		};
		5A46EE9B2353E5DA00FD1848 /* Pendulum */ = {
			isa = PBXGroup;
			children = (
				D403526A237086F6009DFD94 /* PendulumScene */,
				D403525E236FFB49009DFD94 /* Extensions */,
				5A46EE9C2353E5DA00FD1848 /* AppDelegate.swift */,
				5A46EE9E2353E5DA00FD1848 /* SceneDelegate.swift */,
				5A46EEA02353E5DA00FD1848 /* ViewController.swift */,
				5A46EEA22353E5DA00FD1848 /* Main.storyboard */,
				D2E3C6082354463D002CE684 /* Questions.storyboard */,
				5A46EED02353F6C900FD1848 /* VariableConfigurationViewController.swift */,
				5A46EECE2353ECBF00FD1848 /* Pendulum.swift */,
				5A46EECC2353EC7800FD1848 /* PendulumViewController.swift */,
				5A46EEA52353E5DE00FD1848 /* Assets.xcassets */,
				5A46EEA72353E5DE00FD1848 /* LaunchScreen.storyboard */,
				5A46EEAA2353E5DE00FD1848 /* Info.plist */,
				D2E3C60A2354466A002CE684 /* QuestionTableViewController.swift */,
				D2E3C60C235449FB002CE684 /* Question.swift */,
				D2E3C60E23544C9A002CE684 /* Answer.swift */,
				D2E3C610235455D7002CE684 /* QuestionTableViewCell.swift */,
				5AD20A172381D47000522B49 /* Constants.swift */,
			);
			path = Pendulum;
			sourceTree = "<group>";
		};
		5A46EEB22353E5DF00FD1848 /* PendulumTests */ = {
			isa = PBXGroup;
			children = (
				5A46EEB32353E5DF00FD1848 /* PendulumTests.swift */,
				5A46EEB52353E5DF00FD1848 /* Info.plist */,
			);
			path = PendulumTests;
			sourceTree = "<group>";
		};
		5A46EEBD2353E5DF00FD1848 /* PendulumUITests */ = {
			isa = PBXGroup;
			children = (
				5A46EEBE2353E5DF00FD1848 /* PendulumUITests.swift */,
				5A46EEC02353E5DF00FD1848 /* Info.plist */,
			);
			path = PendulumUITests;
			sourceTree = "<group>";
		};
		D403525E236FFB49009DFD94 /* Extensions */ = {
			isa = PBXGroup;
			children = (
				D403525F236FFB63009DFD94 /* UIViewextensios.swift */,
			);
			path = Extensions;
			sourceTree = "<group>";
		};
		D403526A237086F6009DFD94 /* PendulumScene */ = {
			isa = PBXGroup;
			children = (
				D403526D237087B3009DFD94 /* PendulumScene.swift */,
			);
			path = PendulumScene;
			sourceTree = "<group>";
		};
/* End PBXGroup section */

/* Begin PBXNativeTarget section */
		5A46EE982353E5D900FD1848 /* Pendulum */ = {
			isa = PBXNativeTarget;
			buildConfigurationList = 5A46EEC32353E5DF00FD1848 /* Build configuration list for PBXNativeTarget "Pendulum" */;
			buildPhases = (
				5A46EE952353E5D900FD1848 /* Sources */,
				5A46EE962353E5D900FD1848 /* Frameworks */,
				5A46EE972353E5D900FD1848 /* Resources */,
			);
			buildRules = (
			);
			dependencies = (
			);
			name = Pendulum;
			productName = Pendulum;
			productReference = 5A46EE992353E5DA00FD1848 /* Pendulum.app */;
			productType = "com.apple.product-type.application";
		};
		5A46EEAE2353E5DF00FD1848 /* PendulumTests */ = {
			isa = PBXNativeTarget;
			buildConfigurationList = 5A46EEC62353E5DF00FD1848 /* Build configuration list for PBXNativeTarget "PendulumTests" */;
			buildPhases = (
				5A46EEAB2353E5DF00FD1848 /* Sources */,
				5A46EEAC2353E5DF00FD1848 /* Frameworks */,
				5A46EEAD2353E5DF00FD1848 /* Resources */,
			);
			buildRules = (
			);
			dependencies = (
				5A46EEB12353E5DF00FD1848 /* PBXTargetDependency */,
			);
			name = PendulumTests;
			productName = PendulumTests;
			productReference = 5A46EEAF2353E5DF00FD1848 /* PendulumTests.xctest */;
			productType = "com.apple.product-type.bundle.unit-test";
		};
		5A46EEB92353E5DF00FD1848 /* PendulumUITests */ = {
			isa = PBXNativeTarget;
			buildConfigurationList = 5A46EEC92353E5DF00FD1848 /* Build configuration list for PBXNativeTarget "PendulumUITests" */;
			buildPhases = (
				5A46EEB62353E5DF00FD1848 /* Sources */,
				5A46EEB72353E5DF00FD1848 /* Frameworks */,
				5A46EEB82353E5DF00FD1848 /* Resources */,
			);
			buildRules = (
			);
			dependencies = (
				5A46EEBC2353E5DF00FD1848 /* PBXTargetDependency */,
			);
			name = PendulumUITests;
			productName = PendulumUITests;
			productReference = 5A46EEBA2353E5DF00FD1848 /* PendulumUITests.xctest */;
			productType = "com.apple.product-type.bundle.ui-testing";
		};
/* End PBXNativeTarget section */

/* Begin PBXProject section */
		5A46EE912353E5D900FD1848 /* Project object */ = {
			isa = PBXProject;
			attributes = {
				LastSwiftUpdateCheck = 1100;
				LastUpgradeCheck = 1100;
				ORGANIZATIONNAME = "Jorge Iribe";
				TargetAttributes = {
					5A46EE982353E5D900FD1848 = {
						CreatedOnToolsVersion = 11.0;
					};
					5A46EEAE2353E5DF00FD1848 = {
						CreatedOnToolsVersion = 11.0;
						TestTargetID = 5A46EE982353E5D900FD1848;
					};
					5A46EEB92353E5DF00FD1848 = {
						CreatedOnToolsVersion = 11.0;
						TestTargetID = 5A46EE982353E5D900FD1848;
					};
				};
			};
			buildConfigurationList = 5A46EE942353E5D900FD1848 /* Build configuration list for PBXProject "Pendulum" */;
			compatibilityVersion = "Xcode 9.3";
			developmentRegion = en;
			hasScannedForEncodings = 0;
			knownRegions = (
				en,
				Base,
			);
			mainGroup = 5A46EE902353E5D900FD1848;
			productRefGroup = 5A46EE9A2353E5DA00FD1848 /* Products */;
			projectDirPath = "";
			projectRoot = "";
			targets = (
				5A46EE982353E5D900FD1848 /* Pendulum */,
				5A46EEAE2353E5DF00FD1848 /* PendulumTests */,
				5A46EEB92353E5DF00FD1848 /* PendulumUITests */,
			);
		};
/* End PBXProject section */

/* Begin PBXResourcesBuildPhase section */
		5A46EE972353E5D900FD1848 /* Resources */ = {
			isa = PBXResourcesBuildPhase;
			buildActionMask = 2147483647;
			files = (
				5A46EEA92353E5DE00FD1848 /* LaunchScreen.storyboard in Resources */,
				5A46EEA62353E5DE00FD1848 /* Assets.xcassets in Resources */,
				D2E3C6092354463D002CE684 /* Questions.storyboard in Resources */,
				5A46EEA42353E5DA00FD1848 /* Main.storyboard in Resources */,
			);
			runOnlyForDeploymentPostprocessing = 0;
		};
		5A46EEAD2353E5DF00FD1848 /* Resources */ = {
			isa = PBXResourcesBuildPhase;
			buildActionMask = 2147483647;
			files = (
			);
			runOnlyForDeploymentPostprocessing = 0;
		};
		5A46EEB82353E5DF00FD1848 /* Resources */ = {
			isa = PBXResourcesBuildPhase;
			buildActionMask = 2147483647;
			files = (
			);
			runOnlyForDeploymentPostprocessing = 0;
		};
/* End PBXResourcesBuildPhase section */

/* Begin PBXSourcesBuildPhase section */
		5A46EE952353E5D900FD1848 /* Sources */ = {
			isa = PBXSourcesBuildPhase;
			buildActionMask = 2147483647;
			files = (
				5A46EECD2353EC7800FD1848 /* PendulumViewController.swift in Sources */,
				D2E3C611235455D7002CE684 /* QuestionTableViewCell.swift in Sources */,
				D2E3C60D235449FB002CE684 /* Question.swift in Sources */,
				D2E3C60B2354466A002CE684 /* QuestionTableViewController.swift in Sources */,
				D2E3C60F23544C9A002CE684 /* Answer.swift in Sources */,
				5A46EEA12353E5DA00FD1848 /* ViewController.swift in Sources */,
				D4035260236FFB63009DFD94 /* UIViewextensios.swift in Sources */,
				5AD20A182381D47000522B49 /* Constants.swift in Sources */,
				5A46EE9D2353E5DA00FD1848 /* AppDelegate.swift in Sources */,
				5A46EED12353F6C900FD1848 /* VariableConfigurationViewController.swift in Sources */,
				5A46EECF2353ECBF00FD1848 /* Pendulum.swift in Sources */,
				5A46EE9F2353E5DA00FD1848 /* SceneDelegate.swift in Sources */,
				D403526E237087B3009DFD94 /* PendulumScene.swift in Sources */,
			);
			runOnlyForDeploymentPostprocessing = 0;
		};
		5A46EEAB2353E5DF00FD1848 /* Sources */ = {
			isa = PBXSourcesBuildPhase;
			buildActionMask = 2147483647;
			files = (
				5A46EEB42353E5DF00FD1848 /* PendulumTests.swift in Sources */,
			);
			runOnlyForDeploymentPostprocessing = 0;
		};
		5A46EEB62353E5DF00FD1848 /* Sources */ = {
			isa = PBXSourcesBuildPhase;
			buildActionMask = 2147483647;
			files = (
				5A46EEBF2353E5DF00FD1848 /* PendulumUITests.swift in Sources */,
			);
			runOnlyForDeploymentPostprocessing = 0;
		};
/* End PBXSourcesBuildPhase section */

/* Begin PBXTargetDependency section */
		5A46EEB12353E5DF00FD1848 /* PBXTargetDependency */ = {
			isa = PBXTargetDependency;
			target = 5A46EE982353E5D900FD1848 /* Pendulum */;
			targetProxy = 5A46EEB02353E5DF00FD1848 /* PBXContainerItemProxy */;
		};
		5A46EEBC2353E5DF00FD1848 /* PBXTargetDependency */ = {
			isa = PBXTargetDependency;
			target = 5A46EE982353E5D900FD1848 /* Pendulum */;
			targetProxy = 5A46EEBB2353E5DF00FD1848 /* PBXContainerItemProxy */;
		};
/* End PBXTargetDependency section */

/* Begin PBXVariantGroup section */
		5A46EEA22353E5DA00FD1848 /* Main.storyboard */ = {
			isa = PBXVariantGroup;
			children = (
				5A46EEA32353E5DA00FD1848 /* Base */,
			);
			name = Main.storyboard;
			sourceTree = "<group>";
		};
		5A46EEA72353E5DE00FD1848 /* LaunchScreen.storyboard */ = {
			isa = PBXVariantGroup;
			children = (
				5A46EEA82353E5DE00FD1848 /* Base */,
			);
			name = LaunchScreen.storyboard;
			sourceTree = "<group>";
		};
/* End PBXVariantGroup section */

/* Begin XCBuildConfiguration section */
		5A46EEC12353E5DF00FD1848 /* Debug */ = {
			isa = XCBuildConfiguration;
			buildSettings = {
				ALWAYS_SEARCH_USER_PATHS = NO;
				CLANG_ANALYZER_NONNULL = YES;
				CLANG_ANALYZER_NUMBER_OBJECT_CONVERSION = YES_AGGRESSIVE;
				CLANG_CXX_LANGUAGE_STANDARD = "gnu++14";
				CLANG_CXX_LIBRARY = "libc++";
				CLANG_ENABLE_MODULES = YES;
				CLANG_ENABLE_OBJC_ARC = YES;
				CLANG_ENABLE_OBJC_WEAK = YES;
				CLANG_WARN_BLOCK_CAPTURE_AUTORELEASING = YES;
				CLANG_WARN_BOOL_CONVERSION = YES;
				CLANG_WARN_COMMA = YES;
				CLANG_WARN_CONSTANT_CONVERSION = YES;
				CLANG_WARN_DEPRECATED_OBJC_IMPLEMENTATIONS = YES;
				CLANG_WARN_DIRECT_OBJC_ISA_USAGE = YES_ERROR;
				CLANG_WARN_DOCUMENTATION_COMMENTS = YES;
				CLANG_WARN_EMPTY_BODY = YES;
				CLANG_WARN_ENUM_CONVERSION = YES;
				CLANG_WARN_INFINITE_RECURSION = YES;
				CLANG_WARN_INT_CONVERSION = YES;
				CLANG_WARN_NON_LITERAL_NULL_CONVERSION = YES;
				CLANG_WARN_OBJC_IMPLICIT_RETAIN_SELF = YES;
				CLANG_WARN_OBJC_LITERAL_CONVERSION = YES;
				CLANG_WARN_OBJC_ROOT_CLASS = YES_ERROR;
				CLANG_WARN_RANGE_LOOP_ANALYSIS = YES;
				CLANG_WARN_STRICT_PROTOTYPES = YES;
				CLANG_WARN_SUSPICIOUS_MOVE = YES;
				CLANG_WARN_UNGUARDED_AVAILABILITY = YES_AGGRESSIVE;
				CLANG_WARN_UNREACHABLE_CODE = YES;
				CLANG_WARN__DUPLICATE_METHOD_MATCH = YES;
				COPY_PHASE_STRIP = NO;
				DEBUG_INFORMATION_FORMAT = dwarf;
				ENABLE_STRICT_OBJC_MSGSEND = YES;
				ENABLE_TESTABILITY = YES;
				GCC_C_LANGUAGE_STANDARD = gnu11;
				GCC_DYNAMIC_NO_PIC = NO;
				GCC_NO_COMMON_BLOCKS = YES;
				GCC_OPTIMIZATION_LEVEL = 0;
				GCC_PREPROCESSOR_DEFINITIONS = (
					"DEBUG=1",
					"$(inherited)",
				);
				GCC_WARN_64_TO_32_BIT_CONVERSION = YES;
				GCC_WARN_ABOUT_RETURN_TYPE = YES_ERROR;
				GCC_WARN_UNDECLARED_SELECTOR = YES;
				GCC_WARN_UNINITIALIZED_AUTOS = YES_AGGRESSIVE;
				GCC_WARN_UNUSED_FUNCTION = YES;
				GCC_WARN_UNUSED_VARIABLE = YES;
				IPHONEOS_DEPLOYMENT_TARGET = 13.0;
				MTL_ENABLE_DEBUG_INFO = INCLUDE_SOURCE;
				MTL_FAST_MATH = YES;
				ONLY_ACTIVE_ARCH = YES;
				SDKROOT = iphoneos;
				SWIFT_ACTIVE_COMPILATION_CONDITIONS = DEBUG;
				SWIFT_OPTIMIZATION_LEVEL = "-Onone";
			};
			name = Debug;
		};
		5A46EEC22353E5DF00FD1848 /* Release */ = {
			isa = XCBuildConfiguration;
			buildSettings = {
				ALWAYS_SEARCH_USER_PATHS = NO;
				CLANG_ANALYZER_NONNULL = YES;
				CLANG_ANALYZER_NUMBER_OBJECT_CONVERSION = YES_AGGRESSIVE;
				CLANG_CXX_LANGUAGE_STANDARD = "gnu++14";
				CLANG_CXX_LIBRARY = "libc++";
				CLANG_ENABLE_MODULES = YES;
				CLANG_ENABLE_OBJC_ARC = YES;
				CLANG_ENABLE_OBJC_WEAK = YES;
				CLANG_WARN_BLOCK_CAPTURE_AUTORELEASING = YES;
				CLANG_WARN_BOOL_CONVERSION = YES;
				CLANG_WARN_COMMA = YES;
				CLANG_WARN_CONSTANT_CONVERSION = YES;
				CLANG_WARN_DEPRECATED_OBJC_IMPLEMENTATIONS = YES;
				CLANG_WARN_DIRECT_OBJC_ISA_USAGE = YES_ERROR;
				CLANG_WARN_DOCUMENTATION_COMMENTS = YES;
				CLANG_WARN_EMPTY_BODY = YES;
				CLANG_WARN_ENUM_CONVERSION = YES;
				CLANG_WARN_INFINITE_RECURSION = YES;
				CLANG_WARN_INT_CONVERSION = YES;
				CLANG_WARN_NON_LITERAL_NULL_CONVERSION = YES;
				CLANG_WARN_OBJC_IMPLICIT_RETAIN_SELF = YES;
				CLANG_WARN_OBJC_LITERAL_CONVERSION = YES;
				CLANG_WARN_OBJC_ROOT_CLASS = YES_ERROR;
				CLANG_WARN_RANGE_LOOP_ANALYSIS = YES;
				CLANG_WARN_STRICT_PROTOTYPES = YES;
				CLANG_WARN_SUSPICIOUS_MOVE = YES;
				CLANG_WARN_UNGUARDED_AVAILABILITY = YES_AGGRESSIVE;
				CLANG_WARN_UNREACHABLE_CODE = YES;
				CLANG_WARN__DUPLICATE_METHOD_MATCH = YES;
				COPY_PHASE_STRIP = NO;
				DEBUG_INFORMATION_FORMAT = "dwarf-with-dsym";
				ENABLE_NS_ASSERTIONS = NO;
				ENABLE_STRICT_OBJC_MSGSEND = YES;
				GCC_C_LANGUAGE_STANDARD = gnu11;
				GCC_NO_COMMON_BLOCKS = YES;
				GCC_WARN_64_TO_32_BIT_CONVERSION = YES;
				GCC_WARN_ABOUT_RETURN_TYPE = YES_ERROR;
				GCC_WARN_UNDECLARED_SELECTOR = YES;
				GCC_WARN_UNINITIALIZED_AUTOS = YES_AGGRESSIVE;
				GCC_WARN_UNUSED_FUNCTION = YES;
				GCC_WARN_UNUSED_VARIABLE = YES;
				IPHONEOS_DEPLOYMENT_TARGET = 13.0;
				MTL_ENABLE_DEBUG_INFO = NO;
				MTL_FAST_MATH = YES;
				SDKROOT = iphoneos;
				SWIFT_COMPILATION_MODE = wholemodule;
				SWIFT_OPTIMIZATION_LEVEL = "-O";
				VALIDATE_PRODUCT = YES;
			};
			name = Release;
		};
		5A46EEC42353E5DF00FD1848 /* Debug */ = {
			isa = XCBuildConfiguration;
			buildSettings = {
				ASSETCATALOG_COMPILER_APPICON_NAME = AppIcon;
				CODE_SIGN_STYLE = Automatic;
				DEVELOPMENT_TEAM = 96LNKVKKG5;
				INFOPLIST_FILE = Pendulum/Info.plist;
				IPHONEOS_DEPLOYMENT_TARGET = 13.0;
				LD_RUNPATH_SEARCH_PATHS = (
					"$(inherited)",
					"@executable_path/Frameworks",
				);
				PRODUCT_BUNDLE_IDENTIFIER = edu.itesmalumnos.Pendulum;
				PRODUCT_NAME = "$(TARGET_NAME)";
				SWIFT_VERSION = 5.0;
				TARGETED_DEVICE_FAMILY = "1,2";
			};
			name = Debug;
		};
		5A46EEC52353E5DF00FD1848 /* Release */ = {
			isa = XCBuildConfiguration;
			buildSettings = {
				ASSETCATALOG_COMPILER_APPICON_NAME = AppIcon;
				CODE_SIGN_STYLE = Automatic;
				DEVELOPMENT_TEAM = 96LNKVKKG5;
				INFOPLIST_FILE = Pendulum/Info.plist;
				IPHONEOS_DEPLOYMENT_TARGET = 13.0;
				LD_RUNPATH_SEARCH_PATHS = (
					"$(inherited)",
					"@executable_path/Frameworks",
				);
				PRODUCT_BUNDLE_IDENTIFIER = edu.itesmalumnos.Pendulum;
				PRODUCT_NAME = "$(TARGET_NAME)";
				SWIFT_VERSION = 5.0;
				TARGETED_DEVICE_FAMILY = "1,2";
			};
			name = Release;
		};
		5A46EEC72353E5DF00FD1848 /* Debug */ = {
			isa = XCBuildConfiguration;
			buildSettings = {
				ALWAYS_EMBED_SWIFT_STANDARD_LIBRARIES = YES;
				BUNDLE_LOADER = "$(TEST_HOST)";
				CODE_SIGN_STYLE = Automatic;
				INFOPLIST_FILE = PendulumTests/Info.plist;
				IPHONEOS_DEPLOYMENT_TARGET = 13.0;
				LD_RUNPATH_SEARCH_PATHS = (
					"$(inherited)",
					"@executable_path/Frameworks",
					"@loader_path/Frameworks",
				);
				PRODUCT_BUNDLE_IDENTIFIER = jorgeiiavila.PendulumTests;
				PRODUCT_NAME = "$(TARGET_NAME)";
				SWIFT_VERSION = 5.0;
				TARGETED_DEVICE_FAMILY = "1,2";
				TEST_HOST = "$(BUILT_PRODUCTS_DIR)/Pendulum.app/Pendulum";
			};
			name = Debug;
		};
		5A46EEC82353E5DF00FD1848 /* Release */ = {
			isa = XCBuildConfiguration;
			buildSettings = {
				ALWAYS_EMBED_SWIFT_STANDARD_LIBRARIES = YES;
				BUNDLE_LOADER = "$(TEST_HOST)";
				CODE_SIGN_STYLE = Automatic;
				INFOPLIST_FILE = PendulumTests/Info.plist;
				IPHONEOS_DEPLOYMENT_TARGET = 13.0;
				LD_RUNPATH_SEARCH_PATHS = (
					"$(inherited)",
					"@executable_path/Frameworks",
					"@loader_path/Frameworks",
				);
				PRODUCT_BUNDLE_IDENTIFIER = jorgeiiavila.PendulumTests;
				PRODUCT_NAME = "$(TARGET_NAME)";
				SWIFT_VERSION = 5.0;
				TARGETED_DEVICE_FAMILY = "1,2";
				TEST_HOST = "$(BUILT_PRODUCTS_DIR)/Pendulum.app/Pendulum";
			};
			name = Release;
		};
		5A46EECA2353E5DF00FD1848 /* Debug */ = {
			isa = XCBuildConfiguration;
			buildSettings = {
				ALWAYS_EMBED_SWIFT_STANDARD_LIBRARIES = YES;
				CODE_SIGN_STYLE = Automatic;
				INFOPLIST_FILE = PendulumUITests/Info.plist;
				LD_RUNPATH_SEARCH_PATHS = (
					"$(inherited)",
					"@executable_path/Frameworks",
					"@loader_path/Frameworks",
				);
				PRODUCT_BUNDLE_IDENTIFIER = jorgeiiavila.PendulumUITests;
				PRODUCT_NAME = "$(TARGET_NAME)";
				SWIFT_VERSION = 5.0;
				TARGETED_DEVICE_FAMILY = "1,2";
				TEST_TARGET_NAME = Pendulum;
			};
			name = Debug;
		};
		5A46EECB2353E5DF00FD1848 /* Release */ = {
			isa = XCBuildConfiguration;
			buildSettings = {
				ALWAYS_EMBED_SWIFT_STANDARD_LIBRARIES = YES;
				CODE_SIGN_STYLE = Automatic;
				INFOPLIST_FILE = PendulumUITests/Info.plist;
				LD_RUNPATH_SEARCH_PATHS = (
					"$(inherited)",
					"@executable_path/Frameworks",
					"@loader_path/Frameworks",
				);
				PRODUCT_BUNDLE_IDENTIFIER = jorgeiiavila.PendulumUITests;
				PRODUCT_NAME = "$(TARGET_NAME)";
				SWIFT_VERSION = 5.0;
				TARGETED_DEVICE_FAMILY = "1,2";
				TEST_TARGET_NAME = Pendulum;
			};
			name = Release;
		};
/* End XCBuildConfiguration section */

/* Begin XCConfigurationList section */
		5A46EE942353E5D900FD1848 /* Build configuration list for PBXProject "Pendulum" */ = {
			isa = XCConfigurationList;
			buildConfigurations = (
				5A46EEC12353E5DF00FD1848 /* Debug */,
				5A46EEC22353E5DF00FD1848 /* Release */,
			);
			defaultConfigurationIsVisible = 0;
			defaultConfigurationName = Release;
		};
		5A46EEC32353E5DF00FD1848 /* Build configuration list for PBXNativeTarget "Pendulum" */ = {
			isa = XCConfigurationList;
			buildConfigurations = (
				5A46EEC42353E5DF00FD1848 /* Debug */,
				5A46EEC52353E5DF00FD1848 /* Release */,
			);
			defaultConfigurationIsVisible = 0;
			defaultConfigurationName = Release;
		};
		5A46EEC62353E5DF00FD1848 /* Build configuration list for PBXNativeTarget "PendulumTests" */ = {
			isa = XCConfigurationList;
			buildConfigurations = (
				5A46EEC72353E5DF00FD1848 /* Debug */,
				5A46EEC82353E5DF00FD1848 /* Release */,
			);
			defaultConfigurationIsVisible = 0;
			defaultConfigurationName = Release;
		};
		5A46EEC92353E5DF00FD1848 /* Build configuration list for PBXNativeTarget "PendulumUITests" */ = {
			isa = XCConfigurationList;
			buildConfigurations = (
				5A46EECA2353E5DF00FD1848 /* Debug */,
				5A46EECB2353E5DF00FD1848 /* Release */,
			);
			defaultConfigurationIsVisible = 0;
			defaultConfigurationName = Release;
		};
/* End XCConfigurationList section */
	};
	rootObject = 5A46EE912353E5D900FD1848 /* Project object */;
}
